// !$*UTF8*$!
{
	archiveVersion = 1;
	classes = {
	};
	objectVersion = 51;
	objects = {

/* Begin PBXBuildFile section */
		05060533BBA7EEE64D98866E /* CardsContainerAssembly.swift in Sources */ = {isa = PBXBuildFile; fileRef = 852651C7B964CBD3E295A230 /* CardsContainerAssembly.swift */; };
		06A8C99DC386EE7FEFE59528 /* CardsContainerPresenter.swift in Sources */ = {isa = PBXBuildFile; fileRef = 692868ECABCDB74F49009CED /* CardsContainerPresenter.swift */; };
		15B72E7BBAEA592CBFF3C552 /* Pods_CurrencyExchange.framework in Frameworks */ = {isa = PBXBuildFile; fileRef = 72AC53158E0F64721445BF7D /* Pods_CurrencyExchange.framework */; };
		498188DE9ECD1809DBB26FBF /* ConverterRouter.swift in Sources */ = {isa = PBXBuildFile; fileRef = C2931B288277AF838318B9C4 /* ConverterRouter.swift */; };
		600D6806E2F09B8119B09CAE /* ConverterPresenter.swift in Sources */ = {isa = PBXBuildFile; fileRef = F9BBD76DE58394744EB9565A /* ConverterPresenter.swift */; };
		686A36F249C3F870DD37D3E9 /* ConverterModuleInput.swift in Sources */ = {isa = PBXBuildFile; fileRef = 10B676613700183D3BD18B7C /* ConverterModuleInput.swift */; };
		728E30939109646CF24AA92A /* CardsContainerRouter.swift in Sources */ = {isa = PBXBuildFile; fileRef = 0A7A396828A7A7131A01A268 /* CardsContainerRouter.swift */; };
		A5532830233E858A007E6BED /* CardsContainerModule.swift in Sources */ = {isa = PBXBuildFile; fileRef = A553282F233E858A007E6BED /* CardsContainerModule.swift */; };
		A57B7C4F233E9340005D1EC2 /* CurrencyCardPresenter.swift in Sources */ = {isa = PBXBuildFile; fileRef = A57B7C49233E9340005D1EC2 /* CurrencyCardPresenter.swift */; };
		A57B7C50233E9340005D1EC2 /* CurrencyCardViewController.swift in Sources */ = {isa = PBXBuildFile; fileRef = A57B7C4A233E9340005D1EC2 /* CurrencyCardViewController.swift */; };
		A57B7C51233E9340005D1EC2 /* CurrencyCardInteractor.swift in Sources */ = {isa = PBXBuildFile; fileRef = A57B7C4B233E9340005D1EC2 /* CurrencyCardInteractor.swift */; };
		A57B7C52233E9340005D1EC2 /* CurrencyCardRouter.swift in Sources */ = {isa = PBXBuildFile; fileRef = A57B7C4C233E9340005D1EC2 /* CurrencyCardRouter.swift */; };
		A57B7C54233E9340005D1EC2 /* CurrencyCardModuleInput.swift in Sources */ = {isa = PBXBuildFile; fileRef = A57B7C4E233E9340005D1EC2 /* CurrencyCardModuleInput.swift */; };
		A58BE7D1233E64CB004DAB62 /* DI.swift in Sources */ = {isa = PBXBuildFile; fileRef = A58BE7D0233E64CB004DAB62 /* DI.swift */; };
		A5BC086A233E937100F017C5 /* CurrencyCardAssembly.swift in Sources */ = {isa = PBXBuildFile; fileRef = A5BC0869233E937100F017C5 /* CurrencyCardAssembly.swift */; };
		A5BC086C233E93E400F017C5 /* CurrencyCardModule.swift in Sources */ = {isa = PBXBuildFile; fileRef = A5BC086B233E93E400F017C5 /* CurrencyCardModule.swift */; };
		A5BC086E233E944400F017C5 /* CurrencyCardViewController.xib in Resources */ = {isa = PBXBuildFile; fileRef = A5BC086D233E944400F017C5 /* CurrencyCardViewController.xib */; };
		A5CC795D233E3C5A004DD4A2 /* AppDelegate.swift in Sources */ = {isa = PBXBuildFile; fileRef = A5CC795C233E3C5A004DD4A2 /* AppDelegate.swift */; };
		A5CC795F233E3C5A004DD4A2 /* SceneDelegate.swift in Sources */ = {isa = PBXBuildFile; fileRef = A5CC795E233E3C5A004DD4A2 /* SceneDelegate.swift */; };
		A5CC7961233E3C5A004DD4A2 /* ViewController.swift in Sources */ = {isa = PBXBuildFile; fileRef = A5CC7960233E3C5A004DD4A2 /* ViewController.swift */; };
		A5CC7964233E3C5A004DD4A2 /* Main.storyboard in Resources */ = {isa = PBXBuildFile; fileRef = A5CC7962233E3C5A004DD4A2 /* Main.storyboard */; };
		A5CC7966233E3C5B004DD4A2 /* Assets.xcassets in Resources */ = {isa = PBXBuildFile; fileRef = A5CC7965233E3C5B004DD4A2 /* Assets.xcassets */; };
		A5CC7969233E3C5B004DD4A2 /* LaunchScreen.storyboard in Resources */ = {isa = PBXBuildFile; fileRef = A5CC7967233E3C5B004DD4A2 /* LaunchScreen.storyboard */; };
		A5CC7974233E531F004DD4A2 /* ExchangeRatesService.swift in Sources */ = {isa = PBXBuildFile; fileRef = A5CC7973233E531F004DD4A2 /* ExchangeRatesService.swift */; };
		A5CC7976233E5347004DD4A2 /* ExchangeRatesServiceAssembly.swift in Sources */ = {isa = PBXBuildFile; fileRef = A5CC7975233E5347004DD4A2 /* ExchangeRatesServiceAssembly.swift */; };
		A5CC7978233E5770004DD4A2 /* ExchangeRateAPI.swift in Sources */ = {isa = PBXBuildFile; fileRef = A5CC7977233E5770004DD4A2 /* ExchangeRateAPI.swift */; };
		A5CC797D233E5B6D004DD4A2 /* Currency.swift in Sources */ = {isa = PBXBuildFile; fileRef = A5CC797C233E5B6D004DD4A2 /* Currency.swift */; };
		A5CC797F233E5B90004DD4A2 /* RatesResponse.swift in Sources */ = {isa = PBXBuildFile; fileRef = A5CC797E233E5B90004DD4A2 /* RatesResponse.swift */; };
		A5CC7981233E60A4004DD4A2 /* RatesError.swift in Sources */ = {isa = PBXBuildFile; fileRef = A5CC7980233E60A4004DD4A2 /* RatesError.swift */; };
		AFB89D8DE15D204AC0527C95 /* ConverterViewController.swift in Sources */ = {isa = PBXBuildFile; fileRef = 67464BA26B13D8044DDCFCCE /* ConverterViewController.swift */; };
		B2B448922BE7A3336CB6C188 /* ConverterAssembly.swift in Sources */ = {isa = PBXBuildFile; fileRef = 49C7A715EBB11EEF895A3933 /* ConverterAssembly.swift */; };
		C5C547E85D3D0129603BB44F /* ConverterInteractor.swift in Sources */ = {isa = PBXBuildFile; fileRef = EDEA78B0771E76B8E1E17595 /* ConverterInteractor.swift */; };
		CDF2AD32CC3A134F77DF0D99 /* CardsContainerViewController.swift in Sources */ = {isa = PBXBuildFile; fileRef = E7B45335B4577884B3DA7E54 /* CardsContainerViewController.swift */; };
		D33DFE9DD20F4BABC0F2A6E4 /* CardsContainerInteractor.swift in Sources */ = {isa = PBXBuildFile; fileRef = 420F7FD2157946A37B9114AD /* CardsContainerInteractor.swift */; };
		E61C4D297FC1B2741C6B34AC /* CardsContainerModuleInput.swift in Sources */ = {isa = PBXBuildFile; fileRef = 1AAC34847E22AEBA6AF24FAB /* CardsContainerModuleInput.swift */; };
/* End PBXBuildFile section */

/* Begin PBXFileReference section */
		0A7A396828A7A7131A01A268 /* CardsContainerRouter.swift */ = {isa = PBXFileReference; includeInIndex = 1; lastKnownFileType = sourcecode.swift; path = CardsContainerRouter.swift; sourceTree = "<group>"; };
		10B676613700183D3BD18B7C /* ConverterModuleInput.swift */ = {isa = PBXFileReference; includeInIndex = 1; lastKnownFileType = sourcecode.swift; path = ConverterModuleInput.swift; sourceTree = "<group>"; };
		1AAC34847E22AEBA6AF24FAB /* CardsContainerModuleInput.swift */ = {isa = PBXFileReference; includeInIndex = 1; lastKnownFileType = sourcecode.swift; path = CardsContainerModuleInput.swift; sourceTree = "<group>"; };
		31E030ECD27AB22FE96F262C /* Pods-CurrencyExchange.release.xcconfig */ = {isa = PBXFileReference; includeInIndex = 1; lastKnownFileType = text.xcconfig; name = "Pods-CurrencyExchange.release.xcconfig"; path = "Target Support Files/Pods-CurrencyExchange/Pods-CurrencyExchange.release.xcconfig"; sourceTree = "<group>"; };
		420F7FD2157946A37B9114AD /* CardsContainerInteractor.swift */ = {isa = PBXFileReference; includeInIndex = 1; lastKnownFileType = sourcecode.swift; path = CardsContainerInteractor.swift; sourceTree = "<group>"; };
		49C7A715EBB11EEF895A3933 /* ConverterAssembly.swift */ = {isa = PBXFileReference; includeInIndex = 1; lastKnownFileType = sourcecode.swift; path = ConverterAssembly.swift; sourceTree = "<group>"; };
		67464BA26B13D8044DDCFCCE /* ConverterViewController.swift */ = {isa = PBXFileReference; includeInIndex = 1; lastKnownFileType = sourcecode.swift; path = ConverterViewController.swift; sourceTree = "<group>"; };
		692868ECABCDB74F49009CED /* CardsContainerPresenter.swift */ = {isa = PBXFileReference; includeInIndex = 1; lastKnownFileType = sourcecode.swift; path = CardsContainerPresenter.swift; sourceTree = "<group>"; };
		72AC53158E0F64721445BF7D /* Pods_CurrencyExchange.framework */ = {isa = PBXFileReference; explicitFileType = wrapper.framework; includeInIndex = 0; path = Pods_CurrencyExchange.framework; sourceTree = BUILT_PRODUCTS_DIR; };
		852651C7B964CBD3E295A230 /* CardsContainerAssembly.swift */ = {isa = PBXFileReference; includeInIndex = 1; lastKnownFileType = sourcecode.swift; path = CardsContainerAssembly.swift; sourceTree = "<group>"; };
		A553282F233E858A007E6BED /* CardsContainerModule.swift */ = {isa = PBXFileReference; lastKnownFileType = sourcecode.swift; path = CardsContainerModule.swift; sourceTree = "<group>"; };
		A57B7C49233E9340005D1EC2 /* CurrencyCardPresenter.swift */ = {isa = PBXFileReference; fileEncoding = 4; lastKnownFileType = sourcecode.swift; path = CurrencyCardPresenter.swift; sourceTree = "<group>"; };
		A57B7C4A233E9340005D1EC2 /* CurrencyCardViewController.swift */ = {isa = PBXFileReference; fileEncoding = 4; lastKnownFileType = sourcecode.swift; path = CurrencyCardViewController.swift; sourceTree = "<group>"; };
		A57B7C4B233E9340005D1EC2 /* CurrencyCardInteractor.swift */ = {isa = PBXFileReference; fileEncoding = 4; lastKnownFileType = sourcecode.swift; path = CurrencyCardInteractor.swift; sourceTree = "<group>"; };
		A57B7C4C233E9340005D1EC2 /* CurrencyCardRouter.swift */ = {isa = PBXFileReference; fileEncoding = 4; lastKnownFileType = sourcecode.swift; path = CurrencyCardRouter.swift; sourceTree = "<group>"; };
		A57B7C4E233E9340005D1EC2 /* CurrencyCardModuleInput.swift */ = {isa = PBXFileReference; fileEncoding = 4; lastKnownFileType = sourcecode.swift; path = CurrencyCardModuleInput.swift; sourceTree = "<group>"; };
		A58BE7D0233E64CB004DAB62 /* DI.swift */ = {isa = PBXFileReference; lastKnownFileType = sourcecode.swift; path = DI.swift; sourceTree = "<group>"; };
		A5BC0869233E937100F017C5 /* CurrencyCardAssembly.swift */ = {isa = PBXFileReference; fileEncoding = 4; lastKnownFileType = sourcecode.swift; path = CurrencyCardAssembly.swift; sourceTree = "<group>"; };
		A5BC086B233E93E400F017C5 /* CurrencyCardModule.swift */ = {isa = PBXFileReference; lastKnownFileType = sourcecode.swift; path = CurrencyCardModule.swift; sourceTree = "<group>"; };
		A5BC086D233E944400F017C5 /* CurrencyCardViewController.xib */ = {isa = PBXFileReference; lastKnownFileType = file.xib; path = CurrencyCardViewController.xib; sourceTree = "<group>"; };
		A5CC7959233E3C5A004DD4A2 /* CurrencyExchange.app */ = {isa = PBXFileReference; explicitFileType = wrapper.application; includeInIndex = 0; path = CurrencyExchange.app; sourceTree = BUILT_PRODUCTS_DIR; };
		A5CC795C233E3C5A004DD4A2 /* AppDelegate.swift */ = {isa = PBXFileReference; lastKnownFileType = sourcecode.swift; path = AppDelegate.swift; sourceTree = "<group>"; };
		A5CC795E233E3C5A004DD4A2 /* SceneDelegate.swift */ = {isa = PBXFileReference; lastKnownFileType = sourcecode.swift; path = SceneDelegate.swift; sourceTree = "<group>"; };
		A5CC7960233E3C5A004DD4A2 /* ViewController.swift */ = {isa = PBXFileReference; lastKnownFileType = sourcecode.swift; path = ViewController.swift; sourceTree = "<group>"; };
		A5CC7963233E3C5A004DD4A2 /* Base */ = {isa = PBXFileReference; lastKnownFileType = file.storyboard; name = Base; path = Base.lproj/Main.storyboard; sourceTree = "<group>"; };
		A5CC7965233E3C5B004DD4A2 /* Assets.xcassets */ = {isa = PBXFileReference; lastKnownFileType = folder.assetcatalog; path = Assets.xcassets; sourceTree = "<group>"; };
		A5CC7968233E3C5B004DD4A2 /* Base */ = {isa = PBXFileReference; lastKnownFileType = file.storyboard; name = Base; path = Base.lproj/LaunchScreen.storyboard; sourceTree = "<group>"; };
		A5CC796A233E3C5B004DD4A2 /* Info.plist */ = {isa = PBXFileReference; lastKnownFileType = text.plist.xml; path = Info.plist; sourceTree = "<group>"; };
		A5CC7973233E531F004DD4A2 /* ExchangeRatesService.swift */ = {isa = PBXFileReference; lastKnownFileType = sourcecode.swift; path = ExchangeRatesService.swift; sourceTree = "<group>"; };
		A5CC7975233E5347004DD4A2 /* ExchangeRatesServiceAssembly.swift */ = {isa = PBXFileReference; lastKnownFileType = sourcecode.swift; path = ExchangeRatesServiceAssembly.swift; sourceTree = "<group>"; };
		A5CC7977233E5770004DD4A2 /* ExchangeRateAPI.swift */ = {isa = PBXFileReference; lastKnownFileType = sourcecode.swift; path = ExchangeRateAPI.swift; sourceTree = "<group>"; };
		A5CC797C233E5B6D004DD4A2 /* Currency.swift */ = {isa = PBXFileReference; lastKnownFileType = sourcecode.swift; path = Currency.swift; sourceTree = "<group>"; };
		A5CC797E233E5B90004DD4A2 /* RatesResponse.swift */ = {isa = PBXFileReference; lastKnownFileType = sourcecode.swift; path = RatesResponse.swift; sourceTree = "<group>"; };
		A5CC7980233E60A4004DD4A2 /* RatesError.swift */ = {isa = PBXFileReference; lastKnownFileType = sourcecode.swift; path = RatesError.swift; sourceTree = "<group>"; };
		C2931B288277AF838318B9C4 /* ConverterRouter.swift */ = {isa = PBXFileReference; includeInIndex = 1; lastKnownFileType = sourcecode.swift; path = ConverterRouter.swift; sourceTree = "<group>"; };
		E7B45335B4577884B3DA7E54 /* CardsContainerViewController.swift */ = {isa = PBXFileReference; includeInIndex = 1; lastKnownFileType = sourcecode.swift; path = CardsContainerViewController.swift; sourceTree = "<group>"; };
		EDEA78B0771E76B8E1E17595 /* ConverterInteractor.swift */ = {isa = PBXFileReference; includeInIndex = 1; lastKnownFileType = sourcecode.swift; path = ConverterInteractor.swift; sourceTree = "<group>"; };
		EE75A23A0FAD63AE07CF8B28 /* Pods-CurrencyExchange.debug.xcconfig */ = {isa = PBXFileReference; includeInIndex = 1; lastKnownFileType = text.xcconfig; name = "Pods-CurrencyExchange.debug.xcconfig"; path = "Target Support Files/Pods-CurrencyExchange/Pods-CurrencyExchange.debug.xcconfig"; sourceTree = "<group>"; };
		F9BBD76DE58394744EB9565A /* ConverterPresenter.swift */ = {isa = PBXFileReference; includeInIndex = 1; lastKnownFileType = sourcecode.swift; path = ConverterPresenter.swift; sourceTree = "<group>"; };
/* End PBXFileReference section */

/* Begin PBXFrameworksBuildPhase section */
		A5CC7956233E3C5A004DD4A2 /* Frameworks */ = {
			isa = PBXFrameworksBuildPhase;
			buildActionMask = 2147483647;
			files = (
				15B72E7BBAEA592CBFF3C552 /* Pods_CurrencyExchange.framework in Frameworks */,
			);
			runOnlyForDeploymentPostprocessing = 0;
		};
/* End PBXFrameworksBuildPhase section */

/* Begin PBXGroup section */
		0CADB7E14779FA8A2DE1267C /* Converter */ = {
			isa = PBXGroup;
			children = (
				49C7A715EBB11EEF895A3933 /* ConverterAssembly.swift */,
				10B676613700183D3BD18B7C /* ConverterModuleInput.swift */,
				A59F6F40233E8C8F005B337A /* Module */,
			);
			path = Converter;
			sourceTree = "<group>";
		};
		48C75C26901CC780C162FE98 /* Modules */ = {
			isa = PBXGroup;
			children = (
				0CADB7E14779FA8A2DE1267C /* Converter */,
				EB05DA2686C3728E1A4E7F47 /* CardsContainer */,
				DFCF22D4046CA0279E4B81DA /* CurrencyCard */,
			);
			path = Modules;
			sourceTree = "<group>";
		};
		76B4E55B576D87242819EAE2 /* Frameworks */ = {
			isa = PBXGroup;
			children = (
				72AC53158E0F64721445BF7D /* Pods_CurrencyExchange.framework */,
			);
			name = Frameworks;
			sourceTree = "<group>";
		};
		A5532831233E8598007E6BED /* Module */ = {
			isa = PBXGroup;
			children = (
				420F7FD2157946A37B9114AD /* CardsContainerInteractor.swift */,
				692868ECABCDB74F49009CED /* CardsContainerPresenter.swift */,
				0A7A396828A7A7131A01A268 /* CardsContainerRouter.swift */,
				E7B45335B4577884B3DA7E54 /* CardsContainerViewController.swift */,
			);
			path = Module;
			sourceTree = "<group>";
		};
		A57B7C48233E9340005D1EC2 /* Module */ = {
			isa = PBXGroup;
			children = (
				A57B7C49233E9340005D1EC2 /* CurrencyCardPresenter.swift */,
				A57B7C4A233E9340005D1EC2 /* CurrencyCardViewController.swift */,
				A57B7C4B233E9340005D1EC2 /* CurrencyCardInteractor.swift */,
				A57B7C4C233E9340005D1EC2 /* CurrencyCardRouter.swift */,
				A5BC086D233E944400F017C5 /* CurrencyCardViewController.xib */,
			);
			path = Module;
			sourceTree = "<group>";
		};
		A58BE7CF233E64C0004DAB62 /* DI */ = {
			isa = PBXGroup;
			children = (
				A58BE7D0233E64CB004DAB62 /* DI.swift */,
			);
			path = DI;
			sourceTree = "<group>";
		};
		A59F6F40233E8C8F005B337A /* Module */ = {
			isa = PBXGroup;
			children = (
				EDEA78B0771E76B8E1E17595 /* ConverterInteractor.swift */,
				F9BBD76DE58394744EB9565A /* ConverterPresenter.swift */,
				C2931B288277AF838318B9C4 /* ConverterRouter.swift */,
				67464BA26B13D8044DDCFCCE /* ConverterViewController.swift */,
			);
			path = Module;
			sourceTree = "<group>";
		};
		A5CC7950233E3C5A004DD4A2 = {
			isa = PBXGroup;
			children = (
				A5CC795B233E3C5A004DD4A2 /* CurrencyExchange */,
				A5CC795A233E3C5A004DD4A2 /* Products */,
				A97E0AD886BF36D8429173A4 /* Pods */,
				76B4E55B576D87242819EAE2 /* Frameworks */,
			);
			sourceTree = "<group>";
		};
		A5CC795A233E3C5A004DD4A2 /* Products */ = {
			isa = PBXGroup;
			children = (
				A5CC7959233E3C5A004DD4A2 /* CurrencyExchange.app */,
			);
			name = Products;
			sourceTree = "<group>";
		};
		A5CC795B233E3C5A004DD4A2 /* CurrencyExchange */ = {
			isa = PBXGroup;
			children = (
				A58BE7CF233E64C0004DAB62 /* DI */,
				48C75C26901CC780C162FE98 /* Modules */,
				A5CC7971233E52DF004DD4A2 /* Services */,
				A5CC795C233E3C5A004DD4A2 /* AppDelegate.swift */,
				A5CC7965233E3C5B004DD4A2 /* Assets.xcassets */,
				A5CC796A233E3C5B004DD4A2 /* Info.plist */,
				A5CC7967233E3C5B004DD4A2 /* LaunchScreen.storyboard */,
				A5CC7962233E3C5A004DD4A2 /* Main.storyboard */,
				A5CC795E233E3C5A004DD4A2 /* SceneDelegate.swift */,
				A5CC7960233E3C5A004DD4A2 /* ViewController.swift */,
			);
			path = CurrencyExchange;
			sourceTree = "<group>";
		};
		A5CC7971233E52DF004DD4A2 /* Services */ = {
			isa = PBXGroup;
			children = (
				A5CC7972233E5303004DD4A2 /* ExchangeRates */,
			);
			path = Services;
			sourceTree = "<group>";
		};
		A5CC7972233E5303004DD4A2 /* ExchangeRates */ = {
			isa = PBXGroup;
			children = (
				A5CC797A233E5B5A004DD4A2 /* Models */,
				A5CC7973233E531F004DD4A2 /* ExchangeRatesService.swift */,
				A5CC7975233E5347004DD4A2 /* ExchangeRatesServiceAssembly.swift */,
				A5CC7977233E5770004DD4A2 /* ExchangeRateAPI.swift */,
			);
			path = ExchangeRates;
			sourceTree = "<group>";
		};
		A5CC797A233E5B5A004DD4A2 /* Models */ = {
			isa = PBXGroup;
			children = (
				A5CC797C233E5B6D004DD4A2 /* Currency.swift */,
				A5CC797E233E5B90004DD4A2 /* RatesResponse.swift */,
				A5CC7980233E60A4004DD4A2 /* RatesError.swift */,
			);
			path = Models;
			sourceTree = "<group>";
		};
		A97E0AD886BF36D8429173A4 /* Pods */ = {
			isa = PBXGroup;
			children = (
				EE75A23A0FAD63AE07CF8B28 /* Pods-CurrencyExchange.debug.xcconfig */,
				31E030ECD27AB22FE96F262C /* Pods-CurrencyExchange.release.xcconfig */,
			);
			path = Pods;
			sourceTree = "<group>";
		};
		DFCF22D4046CA0279E4B81DA /* CurrencyCard */ = {
			isa = PBXGroup;
			children = (
				A5BC0869233E937100F017C5 /* CurrencyCardAssembly.swift */,
				A5BC086B233E93E400F017C5 /* CurrencyCardModule.swift */,
				A57B7C4E233E9340005D1EC2 /* CurrencyCardModuleInput.swift */,
				A57B7C48233E9340005D1EC2 /* Module */,
			);
			path = CurrencyCard;
			sourceTree = "<group>";
		};
		EB05DA2686C3728E1A4E7F47 /* CardsContainer */ = {
			isa = PBXGroup;
			children = (
				852651C7B964CBD3E295A230 /* CardsContainerAssembly.swift */,
				A553282F233E858A007E6BED /* CardsContainerModule.swift */,
				1AAC34847E22AEBA6AF24FAB /* CardsContainerModuleInput.swift */,
				A5532831233E8598007E6BED /* Module */,
			);
			path = CardsContainer;
			sourceTree = "<group>";
		};
/* End PBXGroup section */

/* Begin PBXNativeTarget section */
		A5CC7958233E3C5A004DD4A2 /* CurrencyExchange */ = {
			isa = PBXNativeTarget;
			buildConfigurationList = A5CC796D233E3C5B004DD4A2 /* Build configuration list for PBXNativeTarget "CurrencyExchange" */;
			buildPhases = (
				9302FBD6D59CFC644B794301 /* [CP] Check Pods Manifest.lock */,
				A5CC7955233E3C5A004DD4A2 /* Sources */,
				A5CC7956233E3C5A004DD4A2 /* Frameworks */,
				A5CC7957233E3C5A004DD4A2 /* Resources */,
				C63B80684EA1D39134DF4325 /* [CP] Embed Pods Frameworks */,
				A5CC7970233E52C6004DD4A2 /* SwiftLint */,
			);
			buildRules = (
			);
			dependencies = (
			);
			name = CurrencyExchange;
			productName = CurrencyExchange;
			productReference = A5CC7959233E3C5A004DD4A2 /* CurrencyExchange.app */;
			productType = "com.apple.product-type.application";
		};
/* End PBXNativeTarget section */

/* Begin PBXProject section */
		A5CC7951233E3C5A004DD4A2 /* Project object */ = {
			isa = PBXProject;
			attributes = {
				LastSwiftUpdateCheck = 1100;
				LastUpgradeCheck = 1100;
				ORGANIZATIONNAME = "Sergey V. Krupov";
				TargetAttributes = {
					A5CC7958233E3C5A004DD4A2 = {
						CreatedOnToolsVersion = 11.0;
					};
				};
			};
			buildConfigurationList = A5CC7954233E3C5A004DD4A2 /* Build configuration list for PBXProject "CurrencyExchange" */;
			compatibilityVersion = "Xcode 9.3";
			developmentRegion = en;
			hasScannedForEncodings = 0;
			knownRegions = (
				en,
				Base,
			);
			mainGroup = A5CC7950233E3C5A004DD4A2;
			productRefGroup = A5CC795A233E3C5A004DD4A2 /* Products */;
			projectDirPath = "";
			projectRoot = "";
			targets = (
				A5CC7958233E3C5A004DD4A2 /* CurrencyExchange */,
			);
		};
/* End PBXProject section */

/* Begin PBXResourcesBuildPhase section */
		A5CC7957233E3C5A004DD4A2 /* Resources */ = {
			isa = PBXResourcesBuildPhase;
			buildActionMask = 2147483647;
			files = (
				A5CC7969233E3C5B004DD4A2 /* LaunchScreen.storyboard in Resources */,
				A5CC7966233E3C5B004DD4A2 /* Assets.xcassets in Resources */,
				A5CC7964233E3C5A004DD4A2 /* Main.storyboard in Resources */,
				A5BC086E233E944400F017C5 /* CurrencyCardViewController.xib in Resources */,
			);
			runOnlyForDeploymentPostprocessing = 0;
		};
/* End PBXResourcesBuildPhase section */

/* Begin PBXShellScriptBuildPhase section */
		9302FBD6D59CFC644B794301 /* [CP] Check Pods Manifest.lock */ = {
			isa = PBXShellScriptBuildPhase;
			buildActionMask = 2147483647;
			files = (
			);
			inputFileListPaths = (
			);
			inputPaths = (
				"${PODS_PODFILE_DIR_PATH}/Podfile.lock",
				"${PODS_ROOT}/Manifest.lock",
			);
			name = "[CP] Check Pods Manifest.lock";
			outputFileListPaths = (
			);
			outputPaths = (
				"$(DERIVED_FILE_DIR)/Pods-CurrencyExchange-checkManifestLockResult.txt",
			);
			runOnlyForDeploymentPostprocessing = 0;
			shellPath = /bin/sh;
			shellScript = "diff \"${PODS_PODFILE_DIR_PATH}/Podfile.lock\" \"${PODS_ROOT}/Manifest.lock\" > /dev/null\nif [ $? != 0 ] ; then\n    # print error to STDERR\n    echo \"error: The sandbox is not in sync with the Podfile.lock. Run 'pod install' or update your CocoaPods installation.\" >&2\n    exit 1\nfi\n# This output is used by Xcode 'outputs' to avoid re-running this script phase.\necho \"SUCCESS\" > \"${SCRIPT_OUTPUT_FILE_0}\"\n";
			showEnvVarsInLog = 0;
		};
		A5CC7970233E52C6004DD4A2 /* SwiftLint */ = {
			isa = PBXShellScriptBuildPhase;
			buildActionMask = 2147483647;
			files = (
			);
			inputFileListPaths = (
			);
			inputPaths = (
			);
			name = SwiftLint;
			outputFileListPaths = (
			);
			outputPaths = (
			);
			runOnlyForDeploymentPostprocessing = 0;
			shellPath = /bin/sh;
			shellScript = "# Type a script or drag a script file from your workspace to insert its path.\n\"${PODS_ROOT}/SwiftLint/swiftlint\"\n";
		};
		C63B80684EA1D39134DF4325 /* [CP] Embed Pods Frameworks */ = {
			isa = PBXShellScriptBuildPhase;
			buildActionMask = 2147483647;
			files = (
			);
			inputFileListPaths = (
				"${PODS_ROOT}/Target Support Files/Pods-CurrencyExchange/Pods-CurrencyExchange-frameworks-${CONFIGURATION}-input-files.xcfilelist",
			);
			name = "[CP] Embed Pods Frameworks";
			outputFileListPaths = (
				"${PODS_ROOT}/Target Support Files/Pods-CurrencyExchange/Pods-CurrencyExchange-frameworks-${CONFIGURATION}-output-files.xcfilelist",
			);
			runOnlyForDeploymentPostprocessing = 0;
			shellPath = /bin/sh;
			shellScript = "\"${PODS_ROOT}/Target Support Files/Pods-CurrencyExchange/Pods-CurrencyExchange-frameworks.sh\"\n";
			showEnvVarsInLog = 0;
		};
/* End PBXShellScriptBuildPhase section */

/* Begin PBXSourcesBuildPhase section */
		A5CC7955233E3C5A004DD4A2 /* Sources */ = {
			isa = PBXSourcesBuildPhase;
			buildActionMask = 2147483647;
			files = (
				A5CC7974233E531F004DD4A2 /* ExchangeRatesService.swift in Sources */,
				A5CC7981233E60A4004DD4A2 /* RatesError.swift in Sources */,
				A5CC7976233E5347004DD4A2 /* ExchangeRatesServiceAssembly.swift in Sources */,
				A5CC7961233E3C5A004DD4A2 /* ViewController.swift in Sources */,
				A5CC795D233E3C5A004DD4A2 /* AppDelegate.swift in Sources */,
				A5CC797F233E5B90004DD4A2 /* RatesResponse.swift in Sources */,
				A5CC795F233E3C5A004DD4A2 /* SceneDelegate.swift in Sources */,
				A5CC797D233E5B6D004DD4A2 /* Currency.swift in Sources */,
				A5BC086A233E937100F017C5 /* CurrencyCardAssembly.swift in Sources */,
				A58BE7D1233E64CB004DAB62 /* DI.swift in Sources */,
				A57B7C54233E9340005D1EC2 /* CurrencyCardModuleInput.swift in Sources */,
				A5CC7978233E5770004DD4A2 /* ExchangeRateAPI.swift in Sources */,
				B2B448922BE7A3336CB6C188 /* ConverterAssembly.swift in Sources */,
				A57B7C50233E9340005D1EC2 /* CurrencyCardViewController.swift in Sources */,
				A5BC086C233E93E400F017C5 /* CurrencyCardModule.swift in Sources */,
				A57B7C4F233E9340005D1EC2 /* CurrencyCardPresenter.swift in Sources */,
				A5532830233E858A007E6BED /* CardsContainerModule.swift in Sources */,
				AFB89D8DE15D204AC0527C95 /* ConverterViewController.swift in Sources */,
				686A36F249C3F870DD37D3E9 /* ConverterModuleInput.swift in Sources */,
				600D6806E2F09B8119B09CAE /* ConverterPresenter.swift in Sources */,
				C5C547E85D3D0129603BB44F /* ConverterInteractor.swift in Sources */,
				498188DE9ECD1809DBB26FBF /* ConverterRouter.swift in Sources */,
				A57B7C52233E9340005D1EC2 /* CurrencyCardRouter.swift in Sources */,
				A57B7C51233E9340005D1EC2 /* CurrencyCardInteractor.swift in Sources */,
				05060533BBA7EEE64D98866E /* CardsContainerAssembly.swift in Sources */,
				CDF2AD32CC3A134F77DF0D99 /* CardsContainerViewController.swift in Sources */,
				E61C4D297FC1B2741C6B34AC /* CardsContainerModuleInput.swift in Sources */,
				06A8C99DC386EE7FEFE59528 /* CardsContainerPresenter.swift in Sources */,
				D33DFE9DD20F4BABC0F2A6E4 /* CardsContainerInteractor.swift in Sources */,
				728E30939109646CF24AA92A /* CardsContainerRouter.swift in Sources */,
			);
			runOnlyForDeploymentPostprocessing = 0;
		};
/* End PBXSourcesBuildPhase section */

/* Begin PBXVariantGroup section */
		A5CC7962233E3C5A004DD4A2 /* Main.storyboard */ = {
			isa = PBXVariantGroup;
			children = (
				A5CC7963233E3C5A004DD4A2 /* Base */,
			);
			name = Main.storyboard;
			sourceTree = "<group>";
		};
		A5CC7967233E3C5B004DD4A2 /* LaunchScreen.storyboard */ = {
			isa = PBXVariantGroup;
			children = (
				A5CC7968233E3C5B004DD4A2 /* Base */,
			);
			name = LaunchScreen.storyboard;
			sourceTree = "<group>";
		};
/* End PBXVariantGroup section */

/* Begin XCBuildConfiguration section */
		A5CC796B233E3C5B004DD4A2 /* Debug */ = {
			isa = XCBuildConfiguration;
			buildSettings = {
				ALWAYS_SEARCH_USER_PATHS = NO;
				CLANG_ANALYZER_NONNULL = YES;
				CLANG_ANALYZER_NUMBER_OBJECT_CONVERSION = YES_AGGRESSIVE;
				CLANG_CXX_LANGUAGE_STANDARD = "gnu++14";
				CLANG_CXX_LIBRARY = "libc++";
				CLANG_ENABLE_MODULES = YES;
				CLANG_ENABLE_OBJC_ARC = YES;
				CLANG_ENABLE_OBJC_WEAK = YES;
				CLANG_WARN_BLOCK_CAPTURE_AUTORELEASING = YES;
				CLANG_WARN_BOOL_CONVERSION = YES;
				CLANG_WARN_COMMA = YES;
				CLANG_WARN_CONSTANT_CONVERSION = YES;
				CLANG_WARN_DEPRECATED_OBJC_IMPLEMENTATIONS = YES;
				CLANG_WARN_DIRECT_OBJC_ISA_USAGE = YES_ERROR;
				CLANG_WARN_DOCUMENTATION_COMMENTS = YES;
				CLANG_WARN_EMPTY_BODY = YES;
				CLANG_WARN_ENUM_CONVERSION = YES;
				CLANG_WARN_INFINITE_RECURSION = YES;
				CLANG_WARN_INT_CONVERSION = YES;
				CLANG_WARN_NON_LITERAL_NULL_CONVERSION = YES;
				CLANG_WARN_OBJC_IMPLICIT_RETAIN_SELF = YES;
				CLANG_WARN_OBJC_LITERAL_CONVERSION = YES;
				CLANG_WARN_OBJC_ROOT_CLASS = YES_ERROR;
				CLANG_WARN_RANGE_LOOP_ANALYSIS = YES;
				CLANG_WARN_STRICT_PROTOTYPES = YES;
				CLANG_WARN_SUSPICIOUS_MOVE = YES;
				CLANG_WARN_UNGUARDED_AVAILABILITY = YES_AGGRESSIVE;
				CLANG_WARN_UNREACHABLE_CODE = YES;
				CLANG_WARN__DUPLICATE_METHOD_MATCH = YES;
				COPY_PHASE_STRIP = NO;
				DEBUG_INFORMATION_FORMAT = dwarf;
				ENABLE_STRICT_OBJC_MSGSEND = YES;
				ENABLE_TESTABILITY = YES;
				GCC_C_LANGUAGE_STANDARD = gnu11;
				GCC_DYNAMIC_NO_PIC = NO;
				GCC_NO_COMMON_BLOCKS = YES;
				GCC_OPTIMIZATION_LEVEL = 0;
				GCC_PREPROCESSOR_DEFINITIONS = (
					"DEBUG=1",
					"$(inherited)",
				);
				GCC_WARN_64_TO_32_BIT_CONVERSION = YES;
				GCC_WARN_ABOUT_RETURN_TYPE = YES_ERROR;
				GCC_WARN_UNDECLARED_SELECTOR = YES;
				GCC_WARN_UNINITIALIZED_AUTOS = YES_AGGRESSIVE;
				GCC_WARN_UNUSED_FUNCTION = YES;
				GCC_WARN_UNUSED_VARIABLE = YES;
				IPHONEOS_DEPLOYMENT_TARGET = 13.0;
				MTL_ENABLE_DEBUG_INFO = INCLUDE_SOURCE;
				MTL_FAST_MATH = YES;
				ONLY_ACTIVE_ARCH = YES;
				SDKROOT = iphoneos;
				SWIFT_ACTIVE_COMPILATION_CONDITIONS = DEBUG;
				SWIFT_OPTIMIZATION_LEVEL = "-Onone";
			};
			name = Debug;
		};
		A5CC796C233E3C5B004DD4A2 /* Release */ = {
			isa = XCBuildConfiguration;
			buildSettings = {
				ALWAYS_SEARCH_USER_PATHS = NO;
				CLANG_ANALYZER_NONNULL = YES;
				CLANG_ANALYZER_NUMBER_OBJECT_CONVERSION = YES_AGGRESSIVE;
				CLANG_CXX_LANGUAGE_STANDARD = "gnu++14";
				CLANG_CXX_LIBRARY = "libc++";
				CLANG_ENABLE_MODULES = YES;
				CLANG_ENABLE_OBJC_ARC = YES;
				CLANG_ENABLE_OBJC_WEAK = YES;
				CLANG_WARN_BLOCK_CAPTURE_AUTORELEASING = YES;
				CLANG_WARN_BOOL_CONVERSION = YES;
				CLANG_WARN_COMMA = YES;
				CLANG_WARN_CONSTANT_CONVERSION = YES;
				CLANG_WARN_DEPRECATED_OBJC_IMPLEMENTATIONS = YES;
				CLANG_WARN_DIRECT_OBJC_ISA_USAGE = YES_ERROR;
				CLANG_WARN_DOCUMENTATION_COMMENTS = YES;
				CLANG_WARN_EMPTY_BODY = YES;
				CLANG_WARN_ENUM_CONVERSION = YES;
				CLANG_WARN_INFINITE_RECURSION = YES;
				CLANG_WARN_INT_CONVERSION = YES;
				CLANG_WARN_NON_LITERAL_NULL_CONVERSION = YES;
				CLANG_WARN_OBJC_IMPLICIT_RETAIN_SELF = YES;
				CLANG_WARN_OBJC_LITERAL_CONVERSION = YES;
				CLANG_WARN_OBJC_ROOT_CLASS = YES_ERROR;
				CLANG_WARN_RANGE_LOOP_ANALYSIS = YES;
				CLANG_WARN_STRICT_PROTOTYPES = YES;
				CLANG_WARN_SUSPICIOUS_MOVE = YES;
				CLANG_WARN_UNGUARDED_AVAILABILITY = YES_AGGRESSIVE;
				CLANG_WARN_UNREACHABLE_CODE = YES;
				CLANG_WARN__DUPLICATE_METHOD_MATCH = YES;
				COPY_PHASE_STRIP = NO;
				DEBUG_INFORMATION_FORMAT = "dwarf-with-dsym";
				ENABLE_NS_ASSERTIONS = NO;
				ENABLE_STRICT_OBJC_MSGSEND = YES;
				GCC_C_LANGUAGE_STANDARD = gnu11;
				GCC_NO_COMMON_BLOCKS = YES;
				GCC_WARN_64_TO_32_BIT_CONVERSION = YES;
				GCC_WARN_ABOUT_RETURN_TYPE = YES_ERROR;
				GCC_WARN_UNDECLARED_SELECTOR = YES;
				GCC_WARN_UNINITIALIZED_AUTOS = YES_AGGRESSIVE;
				GCC_WARN_UNUSED_FUNCTION = YES;
				GCC_WARN_UNUSED_VARIABLE = YES;
				IPHONEOS_DEPLOYMENT_TARGET = 13.0;
				MTL_ENABLE_DEBUG_INFO = NO;
				MTL_FAST_MATH = YES;
				SDKROOT = iphoneos;
				SWIFT_COMPILATION_MODE = wholemodule;
				SWIFT_OPTIMIZATION_LEVEL = "-O";
				VALIDATE_PRODUCT = YES;
			};
			name = Release;
		};
		A5CC796E233E3C5B004DD4A2 /* Debug */ = {
			isa = XCBuildConfiguration;
			baseConfigurationReference = EE75A23A0FAD63AE07CF8B28 /* Pods-CurrencyExchange.debug.xcconfig */;
			buildSettings = {
				ASSETCATALOG_COMPILER_APPICON_NAME = AppIcon;
				CODE_SIGN_STYLE = Automatic;
				INFOPLIST_FILE = CurrencyExchange/Info.plist;
				LD_RUNPATH_SEARCH_PATHS = (
					"$(inherited)",
					"@executable_path/Frameworks",
				);
				PRODUCT_BUNDLE_IDENTIFIER = com.foo.bar.CurrencyExchange;
				PRODUCT_NAME = "$(TARGET_NAME)";
				SWIFT_VERSION = 5.0;
				TARGETED_DEVICE_FAMILY = "1,2";
			};
			name = Debug;
		};
		A5CC796F233E3C5B004DD4A2 /* Release */ = {
			isa = XCBuildConfiguration;
			baseConfigurationReference = 31E030ECD27AB22FE96F262C /* Pods-CurrencyExchange.release.xcconfig */;
			buildSettings = {
				ASSETCATALOG_COMPILER_APPICON_NAME = AppIcon;
				CODE_SIGN_STYLE = Automatic;
				INFOPLIST_FILE = CurrencyExchange/Info.plist;
				LD_RUNPATH_SEARCH_PATHS = (
					"$(inherited)",
					"@executable_path/Frameworks",
				);
				PRODUCT_BUNDLE_IDENTIFIER = com.foo.bar.CurrencyExchange;
				PRODUCT_NAME = "$(TARGET_NAME)";
				SWIFT_VERSION = 5.0;
				TARGETED_DEVICE_FAMILY = "1,2";
			};
			name = Release;
		};
/* End XCBuildConfiguration section */

/* Begin XCConfigurationList section */
		A5CC7954233E3C5A004DD4A2 /* Build configuration list for PBXProject "CurrencyExchange" */ = {
			isa = XCConfigurationList;
			buildConfigurations = (
				A5CC796B233E3C5B004DD4A2 /* Debug */,
				A5CC796C233E3C5B004DD4A2 /* Release */,
			);
			defaultConfigurationIsVisible = 0;
			defaultConfigurationName = Release;
		};
		A5CC796D233E3C5B004DD4A2 /* Build configuration list for PBXNativeTarget "CurrencyExchange" */ = {
			isa = XCConfigurationList;
			buildConfigurations = (
				A5CC796E233E3C5B004DD4A2 /* Debug */,
				A5CC796F233E3C5B004DD4A2 /* Release */,
			);
			defaultConfigurationIsVisible = 0;
			defaultConfigurationName = Release;
		};
/* End XCConfigurationList section */
	};
	rootObject = A5CC7951233E3C5A004DD4A2 /* Project object */;
}
