// !$*UTF8*$!
{
	archiveVersion = 1;
	classes = {
	};
	objectVersion = 51;
	objects = {

/* Begin PBXBuildFile section */
		A4FDFE917918FD9E0DDDBE7D /* Pods_CurrencyExchange.framework in Frameworks */ = {isa = PBXBuildFile; fileRef = 6C3965832F5644A50DCA7092 /* Pods_CurrencyExchange.framework */; };
		A5CEE1E42341BD17000E5F3C /* AppDelegate.swift in Sources */ = {isa = PBXBuildFile; fileRef = A5CEE1E32341BD17000E5F3C /* AppDelegate.swift */; };
		A5CEE1E92341BD17000E5F3C /* Main.storyboard in Resources */ = {isa = PBXBuildFile; fileRef = A5CEE1E72341BD17000E5F3C /* Main.storyboard */; };
		A5CEE1EB2341BD18000E5F3C /* Assets.xcassets in Resources */ = {isa = PBXBuildFile; fileRef = A5CEE1EA2341BD18000E5F3C /* Assets.xcassets */; };
		A5CEE1EE2341BD18000E5F3C /* LaunchScreen.storyboard in Resources */ = {isa = PBXBuildFile; fileRef = A5CEE1EC2341BD18000E5F3C /* LaunchScreen.storyboard */; };
		A5CEE2292341BE31000E5F3C /* DI.swift in Sources */ = {isa = PBXBuildFile; fileRef = A5CEE1F62341BE30000E5F3C /* DI.swift */; };
		A5CEE22A2341BE31000E5F3C /* SubjectExtensions.swift in Sources */ = {isa = PBXBuildFile; fileRef = A5CEE1F82341BE30000E5F3C /* SubjectExtensions.swift */; };
		A5CEE22B2341BE31000E5F3C /* RelayExtensions.swift in Sources */ = {isa = PBXBuildFile; fileRef = A5CEE1F92341BE30000E5F3C /* RelayExtensions.swift */; };
		A5CEE22C2341BE31000E5F3C /* Currency.swift in Sources */ = {isa = PBXBuildFile; fileRef = A5CEE1FC2341BE30000E5F3C /* Currency.swift */; };
		A5CEE22D2341BE31000E5F3C /* ProfileServiceAssembly.swift in Sources */ = {isa = PBXBuildFile; fileRef = A5CEE1FE2341BE30000E5F3C /* ProfileServiceAssembly.swift */; };
		A5CEE22E2341BE31000E5F3C /* BalanceStorage.swift in Sources */ = {isa = PBXBuildFile; fileRef = A5CEE1FF2341BE30000E5F3C /* BalanceStorage.swift */; };
		A5CEE22F2341BE31000E5F3C /* ProfileService.swift in Sources */ = {isa = PBXBuildFile; fileRef = A5CEE2002341BE30000E5F3C /* ProfileService.swift */; };
		A5CEE2302341BE31000E5F3C /* CurrencyService.swift in Sources */ = {isa = PBXBuildFile; fileRef = A5CEE2022341BE30000E5F3C /* CurrencyService.swift */; };
		A5CEE2312341BE31000E5F3C /* RatesError.swift in Sources */ = {isa = PBXBuildFile; fileRef = A5CEE2042341BE30000E5F3C /* RatesError.swift */; };
		A5CEE2322341BE31000E5F3C /* RatesResponse.swift in Sources */ = {isa = PBXBuildFile; fileRef = A5CEE2052341BE30000E5F3C /* RatesResponse.swift */; };
		A5CEE2332341BE31000E5F3C /* Rate.swift in Sources */ = {isa = PBXBuildFile; fileRef = A5CEE2062341BE30000E5F3C /* Rate.swift */; };
		A5CEE2342341BE31000E5F3C /* ExchangeRateAPI.swift in Sources */ = {isa = PBXBuildFile; fileRef = A5CEE2072341BE30000E5F3C /* ExchangeRateAPI.swift */; };
		A5CEE2352341BE31000E5F3C /* CurrencyServiceAssembly.swift in Sources */ = {isa = PBXBuildFile; fileRef = A5CEE2082341BE30000E5F3C /* CurrencyServiceAssembly.swift */; };
		A5CEE2362341BE31000E5F3C /* ConverterModuleInput.swift in Sources */ = {isa = PBXBuildFile; fileRef = A5CEE20B2341BE30000E5F3C /* ConverterModuleInput.swift */; };
		A5CEE2372341BE31000E5F3C /* ConverterViewController.swift in Sources */ = {isa = PBXBuildFile; fileRef = A5CEE20D2341BE30000E5F3C /* ConverterViewController.swift */; };
		A5CEE2382341BE31000E5F3C /* ConverterRouter.swift in Sources */ = {isa = PBXBuildFile; fileRef = A5CEE20E2341BE30000E5F3C /* ConverterRouter.swift */; };
		A5CEE2392341BE31000E5F3C /* ConverterAssembly.swift in Sources */ = {isa = PBXBuildFile; fileRef = A5CEE20F2341BE30000E5F3C /* ConverterAssembly.swift */; };
		A5CEE23A2341BE31000E5F3C /* ConverterInteractor.swift in Sources */ = {isa = PBXBuildFile; fileRef = A5CEE2102341BE30000E5F3C /* ConverterInteractor.swift */; };
		A5CEE23B2341BE31000E5F3C /* ConverterPresenter.swift in Sources */ = {isa = PBXBuildFile; fileRef = A5CEE2112341BE30000E5F3C /* ConverterPresenter.swift */; };
		A5CEE23C2341BE31000E5F3C /* ConverterEvent.swift in Sources */ = {isa = PBXBuildFile; fileRef = A5CEE2132341BE30000E5F3C /* ConverterEvent.swift */; };
		A5CEE23D2341BE31000E5F3C /* ConverterState.swift in Sources */ = {isa = PBXBuildFile; fileRef = A5CEE2142341BE30000E5F3C /* ConverterState.swift */; };
		A5CEE23E2341BE31000E5F3C /* ConverterNotification.swift in Sources */ = {isa = PBXBuildFile; fileRef = A5CEE2152341BE30000E5F3C /* ConverterNotification.swift */; };
		A5CEE23F2341BE31000E5F3C /* CardsContainerInteractor.swift in Sources */ = {isa = PBXBuildFile; fileRef = A5CEE2182341BE30000E5F3C /* CardsContainerInteractor.swift */; };
		A5CEE2402341BE31000E5F3C /* CardsContainerAssembly.swift in Sources */ = {isa = PBXBuildFile; fileRef = A5CEE2192341BE30000E5F3C /* CardsContainerAssembly.swift */; };
		A5CEE2412341BE31000E5F3C /* CardsContainerPresenter.swift in Sources */ = {isa = PBXBuildFile; fileRef = A5CEE21A2341BE30000E5F3C /* CardsContainerPresenter.swift */; };
		A5CEE2422341BE31000E5F3C /* CardsContainerModule.swift in Sources */ = {isa = PBXBuildFile; fileRef = A5CEE21B2341BE30000E5F3C /* CardsContainerModule.swift */; };
		A5CEE2432341BE31000E5F3C /* CardsContainerViewController.swift in Sources */ = {isa = PBXBuildFile; fileRef = A5CEE21C2341BE30000E5F3C /* CardsContainerViewController.swift */; };
		A5CEE2442341BE31000E5F3C /* CardsContainerRouter.swift in Sources */ = {isa = PBXBuildFile; fileRef = A5CEE21D2341BE30000E5F3C /* CardsContainerRouter.swift */; };
		A5CEE2452341BE31000E5F3C /* CardsContainerInterface.swift in Sources */ = {isa = PBXBuildFile; fileRef = A5CEE21E2341BE30000E5F3C /* CardsContainerInterface.swift */; };
		A5CEE2462341BE31000E5F3C /* CurrencyCardInterface.swift in Sources */ = {isa = PBXBuildFile; fileRef = A5CEE2202341BE30000E5F3C /* CurrencyCardInterface.swift */; };
		A5CEE2472341BE31000E5F3C /* CurrencyCardPresenter.swift in Sources */ = {isa = PBXBuildFile; fileRef = A5CEE2222341BE30000E5F3C /* CurrencyCardPresenter.swift */; };
		A5CEE2482341BE31000E5F3C /* CurrencyCardViewController.swift in Sources */ = {isa = PBXBuildFile; fileRef = A5CEE2232341BE30000E5F3C /* CurrencyCardViewController.swift */; };
		A5CEE2492341BE31000E5F3C /* CurrencyCardInteractor.swift in Sources */ = {isa = PBXBuildFile; fileRef = A5CEE2242341BE30000E5F3C /* CurrencyCardInteractor.swift */; };
		A5CEE24A2341BE31000E5F3C /* CurrencyCardRouter.swift in Sources */ = {isa = PBXBuildFile; fileRef = A5CEE2252341BE30000E5F3C /* CurrencyCardRouter.swift */; };
		A5CEE24B2341BE31000E5F3C /* CurrencyCardAssembly.swift in Sources */ = {isa = PBXBuildFile; fileRef = A5CEE2262341BE30000E5F3C /* CurrencyCardAssembly.swift */; };
		A5CEE24C2341BE31000E5F3C /* CurrencyCardModule.swift in Sources */ = {isa = PBXBuildFile; fileRef = A5CEE2272341BE30000E5F3C /* CurrencyCardModule.swift */; };
		A5CEE24D2341BE31000E5F3C /* CurrencyCardViewController.xib in Resources */ = {isa = PBXBuildFile; fileRef = A5CEE2282341BE30000E5F3C /* CurrencyCardViewController.xib */; };
/* End PBXBuildFile section */

/* Begin PBXFileReference section */
		50FD1DA398DE56E67DE5339B /* Pods-CurrencyExchange.debug.xcconfig */ = {isa = PBXFileReference; includeInIndex = 1; lastKnownFileType = text.xcconfig; name = "Pods-CurrencyExchange.debug.xcconfig"; path = "Target Support Files/Pods-CurrencyExchange/Pods-CurrencyExchange.debug.xcconfig"; sourceTree = "<group>"; };
		6C3965832F5644A50DCA7092 /* Pods_CurrencyExchange.framework */ = {isa = PBXFileReference; explicitFileType = wrapper.framework; includeInIndex = 0; path = Pods_CurrencyExchange.framework; sourceTree = BUILT_PRODUCTS_DIR; };
		A5CEE1E02341BD17000E5F3C /* CurrencyExchange.app */ = {isa = PBXFileReference; explicitFileType = wrapper.application; includeInIndex = 0; path = CurrencyExchange.app; sourceTree = BUILT_PRODUCTS_DIR; };
		A5CEE1E32341BD17000E5F3C /* AppDelegate.swift */ = {isa = PBXFileReference; lastKnownFileType = sourcecode.swift; path = AppDelegate.swift; sourceTree = "<group>"; };
		A5CEE1E82341BD17000E5F3C /* Base */ = {isa = PBXFileReference; lastKnownFileType = file.storyboard; name = Base; path = Base.lproj/Main.storyboard; sourceTree = "<group>"; };
		A5CEE1EA2341BD18000E5F3C /* Assets.xcassets */ = {isa = PBXFileReference; lastKnownFileType = folder.assetcatalog; path = Assets.xcassets; sourceTree = "<group>"; };
		A5CEE1ED2341BD18000E5F3C /* Base */ = {isa = PBXFileReference; lastKnownFileType = file.storyboard; name = Base; path = Base.lproj/LaunchScreen.storyboard; sourceTree = "<group>"; };
		A5CEE1EF2341BD18000E5F3C /* Info.plist */ = {isa = PBXFileReference; lastKnownFileType = text.plist.xml; path = Info.plist; sourceTree = "<group>"; };
		A5CEE1F62341BE30000E5F3C /* DI.swift */ = {isa = PBXFileReference; fileEncoding = 4; lastKnownFileType = sourcecode.swift; path = DI.swift; sourceTree = "<group>"; };
		A5CEE1F82341BE30000E5F3C /* SubjectExtensions.swift */ = {isa = PBXFileReference; fileEncoding = 4; lastKnownFileType = sourcecode.swift; path = SubjectExtensions.swift; sourceTree = "<group>"; };
		A5CEE1F92341BE30000E5F3C /* RelayExtensions.swift */ = {isa = PBXFileReference; fileEncoding = 4; lastKnownFileType = sourcecode.swift; path = RelayExtensions.swift; sourceTree = "<group>"; };
		A5CEE1FC2341BE30000E5F3C /* Currency.swift */ = {isa = PBXFileReference; fileEncoding = 4; lastKnownFileType = sourcecode.swift; path = Currency.swift; sourceTree = "<group>"; };
		A5CEE1FE2341BE30000E5F3C /* ProfileServiceAssembly.swift */ = {isa = PBXFileReference; fileEncoding = 4; lastKnownFileType = sourcecode.swift; path = ProfileServiceAssembly.swift; sourceTree = "<group>"; };
		A5CEE1FF2341BE30000E5F3C /* BalanceStorage.swift */ = {isa = PBXFileReference; fileEncoding = 4; lastKnownFileType = sourcecode.swift; path = BalanceStorage.swift; sourceTree = "<group>"; };
		A5CEE2002341BE30000E5F3C /* ProfileService.swift */ = {isa = PBXFileReference; fileEncoding = 4; lastKnownFileType = sourcecode.swift; path = ProfileService.swift; sourceTree = "<group>"; };
		A5CEE2022341BE30000E5F3C /* CurrencyService.swift */ = {isa = PBXFileReference; fileEncoding = 4; lastKnownFileType = sourcecode.swift; path = CurrencyService.swift; sourceTree = "<group>"; };
		A5CEE2042341BE30000E5F3C /* RatesError.swift */ = {isa = PBXFileReference; fileEncoding = 4; lastKnownFileType = sourcecode.swift; path = RatesError.swift; sourceTree = "<group>"; };
		A5CEE2052341BE30000E5F3C /* RatesResponse.swift */ = {isa = PBXFileReference; fileEncoding = 4; lastKnownFileType = sourcecode.swift; path = RatesResponse.swift; sourceTree = "<group>"; };
		A5CEE2062341BE30000E5F3C /* Rate.swift */ = {isa = PBXFileReference; fileEncoding = 4; lastKnownFileType = sourcecode.swift; path = Rate.swift; sourceTree = "<group>"; };
		A5CEE2072341BE30000E5F3C /* ExchangeRateAPI.swift */ = {isa = PBXFileReference; fileEncoding = 4; lastKnownFileType = sourcecode.swift; path = ExchangeRateAPI.swift; sourceTree = "<group>"; };
		A5CEE2082341BE30000E5F3C /* CurrencyServiceAssembly.swift */ = {isa = PBXFileReference; fileEncoding = 4; lastKnownFileType = sourcecode.swift; path = CurrencyServiceAssembly.swift; sourceTree = "<group>"; };
		A5CEE20B2341BE30000E5F3C /* ConverterModuleInput.swift */ = {isa = PBXFileReference; fileEncoding = 4; lastKnownFileType = sourcecode.swift; path = ConverterModuleInput.swift; sourceTree = "<group>"; };
		A5CEE20D2341BE30000E5F3C /* ConverterViewController.swift */ = {isa = PBXFileReference; fileEncoding = 4; lastKnownFileType = sourcecode.swift; path = ConverterViewController.swift; sourceTree = "<group>"; };
		A5CEE20E2341BE30000E5F3C /* ConverterRouter.swift */ = {isa = PBXFileReference; fileEncoding = 4; lastKnownFileType = sourcecode.swift; path = ConverterRouter.swift; sourceTree = "<group>"; };
		A5CEE20F2341BE30000E5F3C /* ConverterAssembly.swift */ = {isa = PBXFileReference; fileEncoding = 4; lastKnownFileType = sourcecode.swift; path = ConverterAssembly.swift; sourceTree = "<group>"; };
		A5CEE2102341BE30000E5F3C /* ConverterInteractor.swift */ = {isa = PBXFileReference; fileEncoding = 4; lastKnownFileType = sourcecode.swift; path = ConverterInteractor.swift; sourceTree = "<group>"; };
		A5CEE2112341BE30000E5F3C /* ConverterPresenter.swift */ = {isa = PBXFileReference; fileEncoding = 4; lastKnownFileType = sourcecode.swift; path = ConverterPresenter.swift; sourceTree = "<group>"; };
		A5CEE2132341BE30000E5F3C /* ConverterEvent.swift */ = {isa = PBXFileReference; fileEncoding = 4; lastKnownFileType = sourcecode.swift; path = ConverterEvent.swift; sourceTree = "<group>"; };
		A5CEE2142341BE30000E5F3C /* ConverterState.swift */ = {isa = PBXFileReference; fileEncoding = 4; lastKnownFileType = sourcecode.swift; path = ConverterState.swift; sourceTree = "<group>"; };
		A5CEE2152341BE30000E5F3C /* ConverterNotification.swift */ = {isa = PBXFileReference; fileEncoding = 4; lastKnownFileType = sourcecode.swift; path = ConverterNotification.swift; sourceTree = "<group>"; };
		A5CEE2182341BE30000E5F3C /* CardsContainerInteractor.swift */ = {isa = PBXFileReference; fileEncoding = 4; lastKnownFileType = sourcecode.swift; path = CardsContainerInteractor.swift; sourceTree = "<group>"; };
		A5CEE2192341BE30000E5F3C /* CardsContainerAssembly.swift */ = {isa = PBXFileReference; fileEncoding = 4; lastKnownFileType = sourcecode.swift; path = CardsContainerAssembly.swift; sourceTree = "<group>"; };
		A5CEE21A2341BE30000E5F3C /* CardsContainerPresenter.swift */ = {isa = PBXFileReference; fileEncoding = 4; lastKnownFileType = sourcecode.swift; path = CardsContainerPresenter.swift; sourceTree = "<group>"; };
		A5CEE21B2341BE30000E5F3C /* CardsContainerModule.swift */ = {isa = PBXFileReference; fileEncoding = 4; lastKnownFileType = sourcecode.swift; path = CardsContainerModule.swift; sourceTree = "<group>"; };
		A5CEE21C2341BE30000E5F3C /* CardsContainerViewController.swift */ = {isa = PBXFileReference; fileEncoding = 4; lastKnownFileType = sourcecode.swift; path = CardsContainerViewController.swift; sourceTree = "<group>"; };
		A5CEE21D2341BE30000E5F3C /* CardsContainerRouter.swift */ = {isa = PBXFileReference; fileEncoding = 4; lastKnownFileType = sourcecode.swift; path = CardsContainerRouter.swift; sourceTree = "<group>"; };
		A5CEE21E2341BE30000E5F3C /* CardsContainerInterface.swift */ = {isa = PBXFileReference; fileEncoding = 4; lastKnownFileType = sourcecode.swift; path = CardsContainerInterface.swift; sourceTree = "<group>"; };
		A5CEE2202341BE30000E5F3C /* CurrencyCardInterface.swift */ = {isa = PBXFileReference; fileEncoding = 4; lastKnownFileType = sourcecode.swift; path = CurrencyCardInterface.swift; sourceTree = "<group>"; };
		A5CEE2222341BE30000E5F3C /* CurrencyCardPresenter.swift */ = {isa = PBXFileReference; fileEncoding = 4; lastKnownFileType = sourcecode.swift; path = CurrencyCardPresenter.swift; sourceTree = "<group>"; };
		A5CEE2232341BE30000E5F3C /* CurrencyCardViewController.swift */ = {isa = PBXFileReference; fileEncoding = 4; lastKnownFileType = sourcecode.swift; path = CurrencyCardViewController.swift; sourceTree = "<group>"; };
		A5CEE2242341BE30000E5F3C /* CurrencyCardInteractor.swift */ = {isa = PBXFileReference; fileEncoding = 4; lastKnownFileType = sourcecode.swift; path = CurrencyCardInteractor.swift; sourceTree = "<group>"; };
		A5CEE2252341BE30000E5F3C /* CurrencyCardRouter.swift */ = {isa = PBXFileReference; fileEncoding = 4; lastKnownFileType = sourcecode.swift; path = CurrencyCardRouter.swift; sourceTree = "<group>"; };
		A5CEE2262341BE30000E5F3C /* CurrencyCardAssembly.swift */ = {isa = PBXFileReference; fileEncoding = 4; lastKnownFileType = sourcecode.swift; path = CurrencyCardAssembly.swift; sourceTree = "<group>"; };
		A5CEE2272341BE30000E5F3C /* CurrencyCardModule.swift */ = {isa = PBXFileReference; fileEncoding = 4; lastKnownFileType = sourcecode.swift; path = CurrencyCardModule.swift; sourceTree = "<group>"; };
		A5CEE2282341BE30000E5F3C /* CurrencyCardViewController.xib */ = {isa = PBXFileReference; fileEncoding = 4; lastKnownFileType = file.xib; path = CurrencyCardViewController.xib; sourceTree = "<group>"; };
		B908AD683B791C3EE1709A59 /* Pods-CurrencyExchange.release.xcconfig */ = {isa = PBXFileReference; includeInIndex = 1; lastKnownFileType = text.xcconfig; name = "Pods-CurrencyExchange.release.xcconfig"; path = "Target Support Files/Pods-CurrencyExchange/Pods-CurrencyExchange.release.xcconfig"; sourceTree = "<group>"; };
/* End PBXFileReference section */

/* Begin PBXFrameworksBuildPhase section */
		A5CEE1DD2341BD17000E5F3C /* Frameworks */ = {
			isa = PBXFrameworksBuildPhase;
			buildActionMask = 2147483647;
			files = (
				A4FDFE917918FD9E0DDDBE7D /* Pods_CurrencyExchange.framework in Frameworks */,
			);
			runOnlyForDeploymentPostprocessing = 0;
		};
/* End PBXFrameworksBuildPhase section */

/* Begin PBXGroup section */
		51C1D84B415C011674526E97 /* Pods */ = {
			isa = PBXGroup;
			children = (
				50FD1DA398DE56E67DE5339B /* Pods-CurrencyExchange.debug.xcconfig */,
				B908AD683B791C3EE1709A59 /* Pods-CurrencyExchange.release.xcconfig */,
			);
			path = Pods;
			sourceTree = "<group>";
		};
		9BF0909B1D6494565BE44691 /* Frameworks */ = {
			isa = PBXGroup;
			children = (
				6C3965832F5644A50DCA7092 /* Pods_CurrencyExchange.framework */,
			);
			name = Frameworks;
			sourceTree = "<group>";
		};
		A5CEE1D72341BD17000E5F3C = {
			isa = PBXGroup;
			children = (
				A5CEE1E22341BD17000E5F3C /* CurrencyExchange */,
				A5CEE1E12341BD17000E5F3C /* Products */,
				51C1D84B415C011674526E97 /* Pods */,
				9BF0909B1D6494565BE44691 /* Frameworks */,
			);
			sourceTree = "<group>";
		};
		A5CEE1E12341BD17000E5F3C /* Products */ = {
			isa = PBXGroup;
			children = (
				A5CEE1E02341BD17000E5F3C /* CurrencyExchange.app */,
			);
			name = Products;
			sourceTree = "<group>";
		};
		A5CEE1E22341BD17000E5F3C /* CurrencyExchange */ = {
			isa = PBXGroup;
			children = (
				A5CEE1F52341BE30000E5F3C /* DI */,
				A5CEE1F72341BE30000E5F3C /* Extensions */,
				A5CEE2092341BE30000E5F3C /* Modules */,
				A5CEE1FA2341BE30000E5F3C /* Services */,
				A5CEE1E32341BD17000E5F3C /* AppDelegate.swift */,
				A5CEE1EA2341BD18000E5F3C /* Assets.xcassets */,
				A5CEE1EC2341BD18000E5F3C /* LaunchScreen.storyboard */,
				A5CEE1EF2341BD18000E5F3C /* Info.plist */,
			);
			path = CurrencyExchange;
			sourceTree = "<group>";
		};
		A5CEE1F52341BE30000E5F3C /* DI */ = {
			isa = PBXGroup;
			children = (
				A5CEE1F62341BE30000E5F3C /* DI.swift */,
			);
			path = DI;
			sourceTree = "<group>";
		};
		A5CEE1F72341BE30000E5F3C /* Extensions */ = {
			isa = PBXGroup;
			children = (
				A5CEE1F82341BE30000E5F3C /* SubjectExtensions.swift */,
				A5CEE1F92341BE30000E5F3C /* RelayExtensions.swift */,
			);
			path = Extensions;
			sourceTree = "<group>";
		};
		A5CEE1FA2341BE30000E5F3C /* Services */ = {
			isa = PBXGroup;
			children = (
				A5CEE1FB2341BE30000E5F3C /* Models */,
				A5CEE1FD2341BE30000E5F3C /* Profile */,
				A5CEE2012341BE30000E5F3C /* ExchangeRates */,
			);
			path = Services;
			sourceTree = "<group>";
		};
		A5CEE1FB2341BE30000E5F3C /* Models */ = {
			isa = PBXGroup;
			children = (
				A5CEE1FC2341BE30000E5F3C /* Currency.swift */,
			);
			path = Models;
			sourceTree = "<group>";
		};
		A5CEE1FD2341BE30000E5F3C /* Profile */ = {
			isa = PBXGroup;
			children = (
				A5CEE1FE2341BE30000E5F3C /* ProfileServiceAssembly.swift */,
				A5CEE1FF2341BE30000E5F3C /* BalanceStorage.swift */,
				A5CEE2002341BE30000E5F3C /* ProfileService.swift */,
			);
			path = Profile;
			sourceTree = "<group>";
		};
		A5CEE2012341BE30000E5F3C /* ExchangeRates */ = {
			isa = PBXGroup;
			children = (
				A5CEE2022341BE30000E5F3C /* CurrencyService.swift */,
				A5CEE2032341BE30000E5F3C /* Models */,
				A5CEE2072341BE30000E5F3C /* ExchangeRateAPI.swift */,
				A5CEE2082341BE30000E5F3C /* CurrencyServiceAssembly.swift */,
			);
			path = ExchangeRates;
			sourceTree = "<group>";
		};
		A5CEE2032341BE30000E5F3C /* Models */ = {
			isa = PBXGroup;
			children = (
				A5CEE2042341BE30000E5F3C /* RatesError.swift */,
				A5CEE2052341BE30000E5F3C /* RatesResponse.swift */,
				A5CEE2062341BE30000E5F3C /* Rate.swift */,
			);
			path = Models;
			sourceTree = "<group>";
		};
		A5CEE2092341BE30000E5F3C /* Modules */ = {
			isa = PBXGroup;
			children = (
				A5CEE20A2341BE30000E5F3C /* Converter */,
				A5CEE2162341BE30000E5F3C /* CardsContainer */,
				A5CEE21F2341BE30000E5F3C /* CurrencyCard */,
			);
			path = Modules;
			sourceTree = "<group>";
		};
		A5CEE20A2341BE30000E5F3C /* Converter */ = {
			isa = PBXGroup;
			children = (
				A5CEE20B2341BE30000E5F3C /* ConverterModuleInput.swift */,
				A5CEE20C2341BE30000E5F3C /* Module */,
			);
			path = Converter;
			sourceTree = "<group>";
		};
		A5CEE20C2341BE30000E5F3C /* Module */ = {
			isa = PBXGroup;
			children = (
				A5CEE1E72341BD17000E5F3C /* Main.storyboard */,
				A5CEE20D2341BE30000E5F3C /* ConverterViewController.swift */,
				A5CEE20E2341BE30000E5F3C /* ConverterRouter.swift */,
				A5CEE20F2341BE30000E5F3C /* ConverterAssembly.swift */,
				A5CEE2102341BE30000E5F3C /* ConverterInteractor.swift */,
				A5CEE2112341BE30000E5F3C /* ConverterPresenter.swift */,
				A5CEE2122341BE30000E5F3C /* Models */,
			);
			path = Module;
			sourceTree = "<group>";
		};
		A5CEE2122341BE30000E5F3C /* Models */ = {
			isa = PBXGroup;
			children = (
				A5CEE2132341BE30000E5F3C /* ConverterEvent.swift */,
				A5CEE2142341BE30000E5F3C /* ConverterState.swift */,
				A5CEE2152341BE30000E5F3C /* ConverterNotification.swift */,
			);
			path = Models;
			sourceTree = "<group>";
		};
		A5CEE2162341BE30000E5F3C /* CardsContainer */ = {
			isa = PBXGroup;
			children = (
				A5CEE2172341BE30000E5F3C /* Module */,
				A5CEE21E2341BE30000E5F3C /* CardsContainerInterface.swift */,
			);
			path = CardsContainer;
			sourceTree = "<group>";
		};
		A5CEE2172341BE30000E5F3C /* Module */ = {
			isa = PBXGroup;
			children = (
				A5CEE2182341BE30000E5F3C /* CardsContainerInteractor.swift */,
				A5CEE2192341BE30000E5F3C /* CardsContainerAssembly.swift */,
				A5CEE21A2341BE30000E5F3C /* CardsContainerPresenter.swift */,
				A5CEE21B2341BE30000E5F3C /* CardsContainerModule.swift */,
				A5CEE21C2341BE30000E5F3C /* CardsContainerViewController.swift */,
				A5CEE21D2341BE30000E5F3C /* CardsContainerRouter.swift */,
			);
			path = Module;
			sourceTree = "<group>";
		};
		A5CEE21F2341BE30000E5F3C /* CurrencyCard */ = {
			isa = PBXGroup;
			children = (
				A5CEE2202341BE30000E5F3C /* CurrencyCardInterface.swift */,
				A5CEE2212341BE30000E5F3C /* Module */,
			);
			path = CurrencyCard;
			sourceTree = "<group>";
		};
		A5CEE2212341BE30000E5F3C /* Module */ = {
			isa = PBXGroup;
			children = (
				A5CEE2222341BE30000E5F3C /* CurrencyCardPresenter.swift */,
				A5CEE2232341BE30000E5F3C /* CurrencyCardViewController.swift */,
				A5CEE2242341BE30000E5F3C /* CurrencyCardInteractor.swift */,
				A5CEE2252341BE30000E5F3C /* CurrencyCardRouter.swift */,
				A5CEE2262341BE30000E5F3C /* CurrencyCardAssembly.swift */,
				A5CEE2272341BE30000E5F3C /* CurrencyCardModule.swift */,
				A5CEE2282341BE30000E5F3C /* CurrencyCardViewController.xib */,
			);
			path = Module;
			sourceTree = "<group>";
		};
/* End PBXGroup section */

/* Begin PBXNativeTarget section */
		A5CEE1DF2341BD17000E5F3C /* CurrencyExchange */ = {
			isa = PBXNativeTarget;
			buildConfigurationList = A5CEE1F22341BD18000E5F3C /* Build configuration list for PBXNativeTarget "CurrencyExchange" */;
			buildPhases = (
				F7A0A18A44CAAF5CCEE11E00 /* [CP] Check Pods Manifest.lock */,
				A5CEE1DC2341BD17000E5F3C /* Sources */,
				A5CEE1DD2341BD17000E5F3C /* Frameworks */,
				A5CEE1DE2341BD17000E5F3C /* Resources */,
				2FDE3077AC885A0E2DC97021 /* [CP] Embed Pods Frameworks */,
			);
			buildRules = (
			);
			dependencies = (
			);
			name = CurrencyExchange;
			productName = CurrencyExchange;
			productReference = A5CEE1E02341BD17000E5F3C /* CurrencyExchange.app */;
			productType = "com.apple.product-type.application";
		};
/* End PBXNativeTarget section */

/* Begin PBXProject section */
		A5CEE1D82341BD17000E5F3C /* Project object */ = {
			isa = PBXProject;
			attributes = {
				LastSwiftUpdateCheck = 1030;
				LastUpgradeCheck = 1030;
				ORGANIZATIONNAME = "Sergey V. Krupov";
				TargetAttributes = {
					A5CEE1DF2341BD17000E5F3C = {
						CreatedOnToolsVersion = 10.3;
					};
				};
			};
			buildConfigurationList = A5CEE1DB2341BD17000E5F3C /* Build configuration list for PBXProject "CurrencyExchange" */;
			compatibilityVersion = "Xcode 9.3";
			developmentRegion = en;
			hasScannedForEncodings = 0;
			knownRegions = (
				en,
				Base,
			);
			mainGroup = A5CEE1D72341BD17000E5F3C;
			productRefGroup = A5CEE1E12341BD17000E5F3C /* Products */;
			projectDirPath = "";
			projectRoot = "";
			targets = (
				A5CEE1DF2341BD17000E5F3C /* CurrencyExchange */,
			);
		};
/* End PBXProject section */

/* Begin PBXResourcesBuildPhase section */
		A5CEE1DE2341BD17000E5F3C /* Resources */ = {
			isa = PBXResourcesBuildPhase;
			buildActionMask = 2147483647;
			files = (
				A5CEE1EE2341BD18000E5F3C /* LaunchScreen.storyboard in Resources */,
				A5CEE1EB2341BD18000E5F3C /* Assets.xcassets in Resources */,
				A5CEE1E92341BD17000E5F3C /* Main.storyboard in Resources */,
				A5CEE24D2341BE31000E5F3C /* CurrencyCardViewController.xib in Resources */,
			);
			runOnlyForDeploymentPostprocessing = 0;
		};
/* End PBXResourcesBuildPhase section */

/* Begin PBXShellScriptBuildPhase section */
		2FDE3077AC885A0E2DC97021 /* [CP] Embed Pods Frameworks */ = {
			isa = PBXShellScriptBuildPhase;
			buildActionMask = 2147483647;
			files = (
			);
			inputFileListPaths = (
				"${PODS_ROOT}/Target Support Files/Pods-CurrencyExchange/Pods-CurrencyExchange-frameworks-${CONFIGURATION}-input-files.xcfilelist",
			);
			name = "[CP] Embed Pods Frameworks";
			outputFileListPaths = (
				"${PODS_ROOT}/Target Support Files/Pods-CurrencyExchange/Pods-CurrencyExchange-frameworks-${CONFIGURATION}-output-files.xcfilelist",
			);
			runOnlyForDeploymentPostprocessing = 0;
			shellPath = /bin/sh;
			shellScript = "\"${PODS_ROOT}/Target Support Files/Pods-CurrencyExchange/Pods-CurrencyExchange-frameworks.sh\"\n";
			showEnvVarsInLog = 0;
		};
		F7A0A18A44CAAF5CCEE11E00 /* [CP] Check Pods Manifest.lock */ = {
			isa = PBXShellScriptBuildPhase;
			buildActionMask = 2147483647;
			files = (
			);
			inputFileListPaths = (
			);
			inputPaths = (
				"${PODS_PODFILE_DIR_PATH}/Podfile.lock",
				"${PODS_ROOT}/Manifest.lock",
			);
			name = "[CP] Check Pods Manifest.lock";
			outputFileListPaths = (
			);
			outputPaths = (
				"$(DERIVED_FILE_DIR)/Pods-CurrencyExchange-checkManifestLockResult.txt",
			);
			runOnlyForDeploymentPostprocessing = 0;
			shellPath = /bin/sh;
			shellScript = "diff \"${PODS_PODFILE_DIR_PATH}/Podfile.lock\" \"${PODS_ROOT}/Manifest.lock\" > /dev/null\nif [ $? != 0 ] ; then\n    # print error to STDERR\n    echo \"error: The sandbox is not in sync with the Podfile.lock. Run 'pod install' or update your CocoaPods installation.\" >&2\n    exit 1\nfi\n# This output is used by Xcode 'outputs' to avoid re-running this script phase.\necho \"SUCCESS\" > \"${SCRIPT_OUTPUT_FILE_0}\"\n";
			showEnvVarsInLog = 0;
		};
/* End PBXShellScriptBuildPhase section */

/* Begin PBXSourcesBuildPhase section */
		A5CEE1DC2341BD17000E5F3C /* Sources */ = {
			isa = PBXSourcesBuildPhase;
			buildActionMask = 2147483647;
			files = (
				A5CEE2292341BE31000E5F3C /* DI.swift in Sources */,
				A5CEE22F2341BE31000E5F3C /* ProfileService.swift in Sources */,
				A5CEE2412341BE31000E5F3C /* CardsContainerPresenter.swift in Sources */,
				A5CEE2352341BE31000E5F3C /* CurrencyServiceAssembly.swift in Sources */,
				A5CEE2312341BE31000E5F3C /* RatesError.swift in Sources */,
				A5CEE23A2341BE31000E5F3C /* ConverterInteractor.swift in Sources */,
				A5CEE23E2341BE31000E5F3C /* ConverterNotification.swift in Sources */,
				A5CEE2442341BE31000E5F3C /* CardsContainerRouter.swift in Sources */,
				A5CEE2392341BE31000E5F3C /* ConverterAssembly.swift in Sources */,
				A5CEE24C2341BE31000E5F3C /* CurrencyCardModule.swift in Sources */,
				A5CEE2452341BE31000E5F3C /* CardsContainerInterface.swift in Sources */,
				A5CEE2432341BE31000E5F3C /* CardsContainerViewController.swift in Sources */,
				A5CEE2302341BE31000E5F3C /* CurrencyService.swift in Sources */,
				A5CEE22C2341BE31000E5F3C /* Currency.swift in Sources */,
				A5CEE2322341BE31000E5F3C /* RatesResponse.swift in Sources */,
				A5CEE24B2341BE31000E5F3C /* CurrencyCardAssembly.swift in Sources */,
				A5CEE2422341BE31000E5F3C /* CardsContainerModule.swift in Sources */,
				A5CEE22B2341BE31000E5F3C /* RelayExtensions.swift in Sources */,
				A5CEE22D2341BE31000E5F3C /* ProfileServiceAssembly.swift in Sources */,
				A5CEE23F2341BE31000E5F3C /* CardsContainerInteractor.swift in Sources */,
				A5CEE2402341BE31000E5F3C /* CardsContainerAssembly.swift in Sources */,
				A5CEE2472341BE31000E5F3C /* CurrencyCardPresenter.swift in Sources */,
				A5CEE23C2341BE31000E5F3C /* ConverterEvent.swift in Sources */,
				A5CEE2492341BE31000E5F3C /* CurrencyCardInteractor.swift in Sources */,
				A5CEE2462341BE31000E5F3C /* CurrencyCardInterface.swift in Sources */,
				A5CEE23B2341BE31000E5F3C /* ConverterPresenter.swift in Sources */,
				A5CEE2482341BE31000E5F3C /* CurrencyCardViewController.swift in Sources */,
				A5CEE2342341BE31000E5F3C /* ExchangeRateAPI.swift in Sources */,
				A5CEE1E42341BD17000E5F3C /* AppDelegate.swift in Sources */,
				A5CEE2362341BE31000E5F3C /* ConverterModuleInput.swift in Sources */,
				A5CEE2382341BE31000E5F3C /* ConverterRouter.swift in Sources */,
				A5CEE2332341BE31000E5F3C /* Rate.swift in Sources */,
				A5CEE23D2341BE31000E5F3C /* ConverterState.swift in Sources */,
				A5CEE22E2341BE31000E5F3C /* BalanceStorage.swift in Sources */,
				A5CEE22A2341BE31000E5F3C /* SubjectExtensions.swift in Sources */,
				A5CEE24A2341BE31000E5F3C /* CurrencyCardRouter.swift in Sources */,
				A5CEE2372341BE31000E5F3C /* ConverterViewController.swift in Sources */,
			);
			runOnlyForDeploymentPostprocessing = 0;
		};
/* End PBXSourcesBuildPhase section */

/* Begin PBXVariantGroup section */
		A5CEE1E72341BD17000E5F3C /* Main.storyboard */ = {
			isa = PBXVariantGroup;
			children = (
				A5CEE1E82341BD17000E5F3C /* Base */,
			);
			name = Main.storyboard;
			sourceTree = "<group>";
		};
		A5CEE1EC2341BD18000E5F3C /* LaunchScreen.storyboard */ = {
			isa = PBXVariantGroup;
			children = (
				A5CEE1ED2341BD18000E5F3C /* Base */,
			);
			name = LaunchScreen.storyboard;
			sourceTree = "<group>";
		};
/* End PBXVariantGroup section */

/* Begin XCBuildConfiguration section */
		A5CEE1F02341BD18000E5F3C /* Debug */ = {
			isa = XCBuildConfiguration;
			buildSettings = {
				ALWAYS_SEARCH_USER_PATHS = NO;
				CLANG_ANALYZER_NONNULL = YES;
				CLANG_ANALYZER_NUMBER_OBJECT_CONVERSION = YES_AGGRESSIVE;
				CLANG_CXX_LANGUAGE_STANDARD = "gnu++14";
				CLANG_CXX_LIBRARY = "libc++";
				CLANG_ENABLE_MODULES = YES;
				CLANG_ENABLE_OBJC_ARC = YES;
				CLANG_ENABLE_OBJC_WEAK = YES;
				CLANG_WARN_BLOCK_CAPTURE_AUTORELEASING = YES;
				CLANG_WARN_BOOL_CONVERSION = YES;
				CLANG_WARN_COMMA = YES;
				CLANG_WARN_CONSTANT_CONVERSION = YES;
				CLANG_WARN_DEPRECATED_OBJC_IMPLEMENTATIONS = YES;
				CLANG_WARN_DIRECT_OBJC_ISA_USAGE = YES_ERROR;
				CLANG_WARN_DOCUMENTATION_COMMENTS = YES;
				CLANG_WARN_EMPTY_BODY = YES;
				CLANG_WARN_ENUM_CONVERSION = YES;
				CLANG_WARN_INFINITE_RECURSION = YES;
				CLANG_WARN_INT_CONVERSION = YES;
				CLANG_WARN_NON_LITERAL_NULL_CONVERSION = YES;
				CLANG_WARN_OBJC_IMPLICIT_RETAIN_SELF = YES;
				CLANG_WARN_OBJC_LITERAL_CONVERSION = YES;
				CLANG_WARN_OBJC_ROOT_CLASS = YES_ERROR;
				CLANG_WARN_RANGE_LOOP_ANALYSIS = YES;
				CLANG_WARN_STRICT_PROTOTYPES = YES;
				CLANG_WARN_SUSPICIOUS_MOVE = YES;
				CLANG_WARN_UNGUARDED_AVAILABILITY = YES_AGGRESSIVE;
				CLANG_WARN_UNREACHABLE_CODE = YES;
				CLANG_WARN__DUPLICATE_METHOD_MATCH = YES;
				CODE_SIGN_IDENTITY = "iPhone Developer";
				COPY_PHASE_STRIP = NO;
				DEBUG_INFORMATION_FORMAT = dwarf;
				ENABLE_STRICT_OBJC_MSGSEND = YES;
				ENABLE_TESTABILITY = YES;
				GCC_C_LANGUAGE_STANDARD = gnu11;
				GCC_DYNAMIC_NO_PIC = NO;
				GCC_NO_COMMON_BLOCKS = YES;
				GCC_OPTIMIZATION_LEVEL = 0;
				GCC_PREPROCESSOR_DEFINITIONS = (
					"DEBUG=1",
					"$(inherited)",
				);
				GCC_WARN_64_TO_32_BIT_CONVERSION = YES;
				GCC_WARN_ABOUT_RETURN_TYPE = YES_ERROR;
				GCC_WARN_UNDECLARED_SELECTOR = YES;
				GCC_WARN_UNINITIALIZED_AUTOS = YES_AGGRESSIVE;
				GCC_WARN_UNUSED_FUNCTION = YES;
				GCC_WARN_UNUSED_VARIABLE = YES;
				IPHONEOS_DEPLOYMENT_TARGET = 12.4;
				MTL_ENABLE_DEBUG_INFO = INCLUDE_SOURCE;
				MTL_FAST_MATH = YES;
				ONLY_ACTIVE_ARCH = YES;
				SDKROOT = iphoneos;
				SWIFT_ACTIVE_COMPILATION_CONDITIONS = DEBUG;
				SWIFT_OPTIMIZATION_LEVEL = "-Onone";
			};
			name = Debug;
		};
		A5CEE1F12341BD18000E5F3C /* Release */ = {
			isa = XCBuildConfiguration;
			buildSettings = {
				ALWAYS_SEARCH_USER_PATHS = NO;
				CLANG_ANALYZER_NONNULL = YES;
				CLANG_ANALYZER_NUMBER_OBJECT_CONVERSION = YES_AGGRESSIVE;
				CLANG_CXX_LANGUAGE_STANDARD = "gnu++14";
				CLANG_CXX_LIBRARY = "libc++";
				CLANG_ENABLE_MODULES = YES;
				CLANG_ENABLE_OBJC_ARC = YES;
				CLANG_ENABLE_OBJC_WEAK = YES;
				CLANG_WARN_BLOCK_CAPTURE_AUTORELEASING = YES;
				CLANG_WARN_BOOL_CONVERSION = YES;
				CLANG_WARN_COMMA = YES;
				CLANG_WARN_CONSTANT_CONVERSION = YES;
				CLANG_WARN_DEPRECATED_OBJC_IMPLEMENTATIONS = YES;
				CLANG_WARN_DIRECT_OBJC_ISA_USAGE = YES_ERROR;
				CLANG_WARN_DOCUMENTATION_COMMENTS = YES;
				CLANG_WARN_EMPTY_BODY = YES;
				CLANG_WARN_ENUM_CONVERSION = YES;
				CLANG_WARN_INFINITE_RECURSION = YES;
				CLANG_WARN_INT_CONVERSION = YES;
				CLANG_WARN_NON_LITERAL_NULL_CONVERSION = YES;
				CLANG_WARN_OBJC_IMPLICIT_RETAIN_SELF = YES;
				CLANG_WARN_OBJC_LITERAL_CONVERSION = YES;
				CLANG_WARN_OBJC_ROOT_CLASS = YES_ERROR;
				CLANG_WARN_RANGE_LOOP_ANALYSIS = YES;
				CLANG_WARN_STRICT_PROTOTYPES = YES;
				CLANG_WARN_SUSPICIOUS_MOVE = YES;
				CLANG_WARN_UNGUARDED_AVAILABILITY = YES_AGGRESSIVE;
				CLANG_WARN_UNREACHABLE_CODE = YES;
				CLANG_WARN__DUPLICATE_METHOD_MATCH = YES;
				CODE_SIGN_IDENTITY = "iPhone Developer";
				COPY_PHASE_STRIP = NO;
				DEBUG_INFORMATION_FORMAT = "dwarf-with-dsym";
				ENABLE_NS_ASSERTIONS = NO;
				ENABLE_STRICT_OBJC_MSGSEND = YES;
				GCC_C_LANGUAGE_STANDARD = gnu11;
				GCC_NO_COMMON_BLOCKS = YES;
				GCC_WARN_64_TO_32_BIT_CONVERSION = YES;
				GCC_WARN_ABOUT_RETURN_TYPE = YES_ERROR;
				GCC_WARN_UNDECLARED_SELECTOR = YES;
				GCC_WARN_UNINITIALIZED_AUTOS = YES_AGGRESSIVE;
				GCC_WARN_UNUSED_FUNCTION = YES;
				GCC_WARN_UNUSED_VARIABLE = YES;
				IPHONEOS_DEPLOYMENT_TARGET = 12.4;
				MTL_ENABLE_DEBUG_INFO = NO;
				MTL_FAST_MATH = YES;
				SDKROOT = iphoneos;
				SWIFT_COMPILATION_MODE = wholemodule;
				SWIFT_OPTIMIZATION_LEVEL = "-O";
				VALIDATE_PRODUCT = YES;
			};
			name = Release;
		};
		A5CEE1F32341BD18000E5F3C /* Debug */ = {
			isa = XCBuildConfiguration;
			baseConfigurationReference = 50FD1DA398DE56E67DE5339B /* Pods-CurrencyExchange.debug.xcconfig */;
			buildSettings = {
				ASSETCATALOG_COMPILER_APPICON_NAME = AppIcon;
				CODE_SIGN_STYLE = Automatic;
				INFOPLIST_FILE = CurrencyExchange/Info.plist;
				LD_RUNPATH_SEARCH_PATHS = (
					"$(inherited)",
					"@executable_path/Frameworks",
				);
				PRODUCT_BUNDLE_IDENTIFIER = com.foo.bar.CurrencyExchange;
				PRODUCT_NAME = "$(TARGET_NAME)";
				SWIFT_VERSION = 5.0;
				TARGETED_DEVICE_FAMILY = "1,2";
			};
			name = Debug;
		};
		A5CEE1F42341BD18000E5F3C /* Release */ = {
			isa = XCBuildConfiguration;
			baseConfigurationReference = B908AD683B791C3EE1709A59 /* Pods-CurrencyExchange.release.xcconfig */;
			buildSettings = {
				ASSETCATALOG_COMPILER_APPICON_NAME = AppIcon;
				CODE_SIGN_STYLE = Automatic;
				INFOPLIST_FILE = CurrencyExchange/Info.plist;
				LD_RUNPATH_SEARCH_PATHS = (
					"$(inherited)",
					"@executable_path/Frameworks",
				);
				PRODUCT_BUNDLE_IDENTIFIER = com.foo.bar.CurrencyExchange;
				PRODUCT_NAME = "$(TARGET_NAME)";
				SWIFT_VERSION = 5.0;
				TARGETED_DEVICE_FAMILY = "1,2";
			};
			name = Release;
		};
/* End XCBuildConfiguration section */

/* Begin XCConfigurationList section */
		A5CEE1DB2341BD17000E5F3C /* Build configuration list for PBXProject "CurrencyExchange" */ = {
			isa = XCConfigurationList;
			buildConfigurations = (
				A5CEE1F02341BD18000E5F3C /* Debug */,
				A5CEE1F12341BD18000E5F3C /* Release */,
			);
			defaultConfigurationIsVisible = 0;
			defaultConfigurationName = Release;
		};
		A5CEE1F22341BD18000E5F3C /* Build configuration list for PBXNativeTarget "CurrencyExchange" */ = {
			isa = XCConfigurationList;
			buildConfigurations = (
				A5CEE1F32341BD18000E5F3C /* Debug */,
				A5CEE1F42341BD18000E5F3C /* Release */,
			);
			defaultConfigurationIsVisible = 0;
			defaultConfigurationName = Release;
		};
/* End XCConfigurationList section */
	};
	rootObject = A5CEE1D82341BD17000E5F3C /* Project object */;
}
